<?xml version="1.0" encoding="utf-8"?>
<Project ToolsVersion="4.0" xmlns="http://schemas.microsoft.com/developer/msbuild/2003">
  <ItemGroup>
    <Filter Include="Eagle">
      <UniqueIdentifier>{2390160D-8FA4-3EBE-5826-E21DC4F93AEF}</UniqueIdentifier>
    </Filter>
  </ItemGroup>
  <ItemGroup>
    <ClInclude Include="src\Eagle.h" />
    <ClInclude Include="src\Eagle\Application.h">
      <Filter>Eagle</Filter>
    </ClInclude>
    <ClInclude Include="src\Eagle\Core.h">
      <Filter>Eagle</Filter>
    </ClInclude>
    <ClInclude Include="src\Eagle\EntryPoint.h">
      <Filter>Eagle</Filter>
    </ClInclude>
    <ClInclude Include="src\Eagle\Log.h">
      <Filter>Eagle</Filter>
    </ClInclude>
    <ClInclude Include="src\Eagle\Events\Event.h" />
    <ClInclude Include="src\Eagle\Events\ApplicationEvent.h" />
    <ClInclude Include="src\Eagle\Events\KeyEvent.h" />
    <ClInclude Include="src\Eagle\Events\MouseEvent.h" />
    <ClInclude Include="src\Eagle\Core\KeyCodes.h" />
    <ClInclude Include="src\Eagle\Core\MouseCodes.h" />
  </ItemGroup>
  <ItemGroup>
    <ClCompile Include="src\Eagle\Application.cpp">
      <Filter>Eagle</Filter>
    </ClCompile>
    <ClCompile Include="src\Eagle\Log.cpp">
      <Filter>Eagle</Filter>
    </ClCompile>
  </ItemGroup>
</Project>