<?xml version="1.0" encoding="utf-8"?>
<Project ToolsVersion="4.0" xmlns="http://schemas.microsoft.com/developer/msbuild/2003">
  <ItemGroup>
    <Filter Include="Eagle">
      <UniqueIdentifier>{2390160D-8FA4-3EBE-5826-E21DC4F93AEF}</UniqueIdentifier>
    </Filter>
    <Filter Include="Eagle\Core">
      <UniqueIdentifier>{5B42CEE6-47FA-0F34-B001-E98F9CD8AA24}</UniqueIdentifier>
    </Filter>
    <Filter Include="Eagle\Events">
      <UniqueIdentifier>{A7568AD8-93B9-197D-3C3F-52332881E5FF}</UniqueIdentifier>
    </Filter>
    <Filter Include="Eagle\ImGui">
      <UniqueIdentifier>{8D5301C1-F908-7AB6-82FD-738DEEB170BA}</UniqueIdentifier>
    </Filter>
    <Filter Include="Eagle\Platform">
      <UniqueIdentifier>{D7A39840-C371-8C46-AC05-FD6C987268AB}</UniqueIdentifier>
    </Filter>
    <Filter Include="Eagle\Platform\OpenGL">
      <UniqueIdentifier>{2BB5C9DD-9721-85D8-6015-1D36CC40A740}</UniqueIdentifier>
    </Filter>
    <Filter Include="Eagle\Platform\Windows">
      <UniqueIdentifier>{11351CEF-FD2E-4541-E69B-DB51D234ABAD}</UniqueIdentifier>
    </Filter>
  </ItemGroup>
  <ItemGroup>
    <ClInclude Include="src\Eagle.h" />
    <ClInclude Include="src\Eagle\Application.h">
      <Filter>Eagle</Filter>
    </ClInclude>
    <ClInclude Include="src\Eagle\Core.h">
      <Filter>Eagle</Filter>
    </ClInclude>
    <ClInclude Include="src\Eagle\Core\KeyCodes.h">
      <Filter>Eagle\Core</Filter>
    </ClInclude>
    <ClInclude Include="src\Eagle\Core\MouseCodes.h">
      <Filter>Eagle\Core</Filter>
    </ClInclude>
    <ClInclude Include="src\Eagle\EntryPoint.h">
      <Filter>Eagle</Filter>
    </ClInclude>
    <ClInclude Include="src\Eagle\Events\ApplicationEvent.h">
      <Filter>Eagle\Events</Filter>
    </ClInclude>
    <ClInclude Include="src\Eagle\Events\Event.h">
      <Filter>Eagle\Events</Filter>
    </ClInclude>
    <ClInclude Include="src\Eagle\Events\KeyEvent.h">
      <Filter>Eagle\Events</Filter>
    </ClInclude>
    <ClInclude Include="src\Eagle\Events\MouseEvent.h">
      <Filter>Eagle\Events</Filter>
    </ClInclude>
    <ClInclude Include="src\Eagle\ImGui\ImGuiLayer.h">
      <Filter>Eagle\ImGui</Filter>
    </ClInclude>
    <ClInclude Include="src\Eagle\Layer.h">
      <Filter>Eagle</Filter>
    </ClInclude>
    <ClInclude Include="src\Eagle\LayerStack.h">
      <Filter>Eagle</Filter>
    </ClInclude>
    <ClInclude Include="src\Eagle\Log.h">
      <Filter>Eagle</Filter>
    </ClInclude>
    <ClInclude Include="src\Eagle\Platform\OpenGL\ImGuiOpenGLRenderer.h">
      <Filter>Eagle\Platform\OpenGL</Filter>
    </ClInclude>
    <ClInclude Include="src\Eagle\Platform\Windows\WindowsWindow.h">
      <Filter>Eagle\Platform\Windows</Filter>
    </ClInclude>
    <ClInclude Include="src\Eagle\Window.h">
      <Filter>Eagle</Filter>
    </ClInclude>
    <ClInclude Include="src\egpch.h" />
    <ClInclude Include="src\Eagle\Input.h" />
    <ClInclude Include="src\Eagle\Platform\Windows\WindowsInput.h" />
  </ItemGroup>
  <ItemGroup>
    <ClCompile Include="src\Eagle\Application.cpp">
      <Filter>Eagle</Filter>
    </ClCompile>
    <ClCompile Include="src\Eagle\ImGui\ImGuiLayer.cpp">
      <Filter>Eagle\ImGui</Filter>
    </ClCompile>
    <ClCompile Include="src\Eagle\Layer.cpp">
      <Filter>Eagle</Filter>
    </ClCompile>
    <ClCompile Include="src\Eagle\LayerStack.cpp">
      <Filter>Eagle</Filter>
    </ClCompile>
    <ClCompile Include="src\Eagle\Log.cpp">
      <Filter>Eagle</Filter>
    </ClCompile>
    <ClCompile Include="src\Eagle\Platform\OpenGL\ImGuiOpenGLRenderer.cpp">
      <Filter>Eagle\Platform\OpenGL</Filter>
    </ClCompile>
    <ClCompile Include="src\Eagle\Platform\Windows\WindowsWindow.cpp">
      <Filter>Eagle\Platform\Windows</Filter>
    </ClCompile>
    <ClCompile Include="src\egpch.cpp" />
    <ClCompile Include="src\Eagle\Platform\Windows\WindowsInput.cpp" />
  </ItemGroup>
</Project>